
Microsoft Visual Studio Solution File, Format Version 12.00
# Visual Studio Version 17
VisualStudioVersion = 17.14.36310.24 d17.14
MinimumVisualStudioVersion = 10.0.40219.1
Project("{FAE04EC0-301F-11D3-BF4B-00C04F79EFBC}") = "Botho Clinic Management System", "Botho Clinic Management System.csproj", "{38FBBAE0-2058-4C9E-8367-C30A9498B8DA}"
EndProject
Global
	GlobalSection(SolutionConfigurationPlatforms) = preSolution
		Debug|Any CPU = Debug|Any CPU
		Release|Any CPU = Release|Any CPU
	EndGlobalSection
	GlobalSection(ProjectConfigurationPlatforms) = postSolution
		{38FBBAE0-2058-4C9E-8367-C30A9498B8DA}.Debug|Any CPU.ActiveCfg = Debug|Any CPU
		{38FBBAE0-2058-4C9E-8367-C30A9498B8DA}.Debug|Any CPU.Build.0 = Debug|Any CPU
		{38FBBAE0-2058-4C9E-8367-C30A9498B8DA}.Release|Any CPU.ActiveCfg = Release|Any CPU
		{38FBBAE0-2058-4C9E-8367-C30A9498B8DA}.Release|Any CPU.Build.0 = Release|Any CPU
	EndGlobalSection
	GlobalSection(SolutionProperties) = preSolution
		HideSolutionNode = FALSE
	EndGlobalSection
	GlobalSection(ExtensibilityGlobals) = postSolution
		SolutionGuid = {980989E5-F136-437D-BA0A-16D75B67B0DA}
	EndGlobalSection
EndGlobal
